
Microsoft Visual Studio Solution File, Format Version 12.00
# Visual Studio Version 17
VisualStudioVersion = 17.0.32112.339
MinimumVisualStudioVersion = 10.0.40219.1
Project("{9A19103F-16F7-4668-BE54-9A1E7A4F7556}") = "Identity.WebApi", "Services\Identity\Identity.WebApi\Identity.WebApi.csproj", "{702C0319-AA8C-477D-B79C-846345A3F752}"
EndProject
Project("{9A19103F-16F7-4668-BE54-9A1E7A4F7556}") = "Bag.WebApi", "Services\Bag\Bag.WebApi\Bag.WebApi.csproj", "{1D2D4DCE-521E-4315-85C0-47BED33F2803}"
EndProject
Project("{E53339B2-1760-4266-BCC7-CA923CBCF16C}") = "docker-compose", "docker-compose.dcproj", "{D0F53002-C720-449F-9939-CBCE4CD129AC}"
EndProject
Project("{9A19103F-16F7-4668-BE54-9A1E7A4F7556}") = "EventBus.Kafka", "BuildingBlocks\EventBus\EventBus.Kafka\EventBus.Kafka.csproj", "{7DEA3EF1-4204-40F3-A6A8-7397E9DF798A}"
EndProject
Project("{9A19103F-16F7-4668-BE54-9A1E7A4F7556}") = "Bag.Application", "Services\Bag\Bag.Application\Bag.Application.csproj", "{0FA415BF-08E6-4070-B924-5E0F09FE46DA}"
EndProject
Project("{2150E333-8FDC-42A3-9474-1A3956D46DE8}") = "Ad", "Ad", "{32DD98B1-63B2-4CA9-B168-3D302F11E166}"
EndProject
Project("{2150E333-8FDC-42A3-9474-1A3956D46DE8}") = "Bag", "Bag", "{405CA822-9CB4-43FC-B722-67D0DC8575F4}"
EndProject
Project("{2150E333-8FDC-42A3-9474-1A3956D46DE8}") = "Identity", "Identity", "{08BDD426-85F5-44A4-BEF7-E806B28F1659}"
EndProject
Project("{9A19103F-16F7-4668-BE54-9A1E7A4F7556}") = "Bag.Domain", "Services\Bag\Bag.Domain\Bag.Domain.csproj", "{E74B32A2-E17F-418F-B371-D916C4EF1ECF}"
EndProject
Project("{9A19103F-16F7-4668-BE54-9A1E7A4F7556}") = "Ad.WebApi", "Services\Ad\Ad.WebApi\Ad.WebApi.csproj", "{418C825A-0D1B-40CE-ACEC-E1EEB8B90B55}"
EndProject
Project("{9A19103F-16F7-4668-BE54-9A1E7A4F7556}") = "Ad.Domain", "Services\Ad\Ad.Domain\Ad.Domain.csproj", "{19F695A0-FF2B-4D49-9EA4-A2A6AC7FE0FF}"
EndProject
Project("{9A19103F-16F7-4668-BE54-9A1E7A4F7556}") = "Ad.Application", "Services\Ad\Ad.Application\Ad.Application.csproj", "{90BBA076-73D7-4E93-BA4D-4751659FDB35}"
EndProject
Project("{9A19103F-16F7-4668-BE54-9A1E7A4F7556}") = "Ad.Infrastructure", "Services\Ad\Ad.Infastructure\Ad.Infrastructure.csproj", "{77FCB5A7-F6BC-48EE-98E0-DD833586B94A}"
EndProject
Project("{9A19103F-16F7-4668-BE54-9A1E7A4F7556}") = "Bag.Persistence", "Services\Bag\Bag.Persistence\Bag.Persistence.csproj", "{A53A4B8E-08C8-4C80-9FD6-91819BA62202}"
EndProject
Project("{2150E333-8FDC-42A3-9474-1A3956D46DE8}") = "Services", "Services", "{009915C3-90D8-482D-9393-DF6AD903B496}"
EndProject
Project("{2150E333-8FDC-42A3-9474-1A3956D46DE8}") = "Docker", "Docker", "{AFD7D8CD-5ECB-431F-A623-90828CC71862}"
EndProject
Project("{2150E333-8FDC-42A3-9474-1A3956D46DE8}") = "Kafka", "Kafka", "{E4EF43BC-CF1D-4B1D-B195-ACF4463F6AD5}"
EndProject
Project("{2150E333-8FDC-42A3-9474-1A3956D46DE8}") = "ApiGateways", "ApiGateways", "{2B88B717-D77C-4498-8484-9E3E35DA07CC}"
EndProject
Project("{9A19103F-16F7-4668-BE54-9A1E7A4F7556}") = "OcelotApiGateway", "ApiGateways\Ocelot\OcelotApiGateway\OcelotApiGateway.csproj", "{D29D9D07-BFDD-41A5-BB40-95620A9E29C2}"
EndProject
Project("{2150E333-8FDC-42A3-9474-1A3956D46DE8}") = "Saga", "Saga", "{79EB0901-8348-4284-BDA7-C333BCC965AB}"
EndProject
Project("{9A19103F-16F7-4668-BE54-9A1E7A4F7556}") = "Saga.Orchestrator", "Saga\Saga.Orchestrator\Saga.Orchestrator.csproj", "{6A91F077-3CCE-4A4A-9209-DC7431331EB8}"
EndProject
Project("{2150E333-8FDC-42A3-9474-1A3956D46DE8}") = "Shared", "Shared", "{9BF03C50-9891-4A86-819A-E5D8BEFE1BDE}"
EndProject
Project("{9A19103F-16F7-4668-BE54-9A1E7A4F7556}") = "Shared", "Shared\Shared\Shared.csproj", "{0F525987-A7CC-47B5-9D42-13F7200A3AA3}"
EndProject
Project("{FAE04EC0-301F-11D3-BF4B-00C04F79EFBC}") = "Bag.Tests", "Services\Bag\Bag.Tests\Bag.Tests.csproj", "{F7966EC2-FE1F-4D2C-BD24-B723C6CCAD49}"
EndProject
Global
	GlobalSection(SolutionConfigurationPlatforms) = preSolution
		Debug|Any CPU = Debug|Any CPU
		Release|Any CPU = Release|Any CPU
	EndGlobalSection
	GlobalSection(ProjectConfigurationPlatforms) = postSolution
		{702C0319-AA8C-477D-B79C-846345A3F752}.Debug|Any CPU.ActiveCfg = Debug|Any CPU
		{702C0319-AA8C-477D-B79C-846345A3F752}.Debug|Any CPU.Build.0 = Debug|Any CPU
		{702C0319-AA8C-477D-B79C-846345A3F752}.Release|Any CPU.ActiveCfg = Release|Any CPU
		{702C0319-AA8C-477D-B79C-846345A3F752}.Release|Any CPU.Build.0 = Release|Any CPU
		{1D2D4DCE-521E-4315-85C0-47BED33F2803}.Debug|Any CPU.ActiveCfg = Debug|Any CPU
		{1D2D4DCE-521E-4315-85C0-47BED33F2803}.Debug|Any CPU.Build.0 = Debug|Any CPU
		{1D2D4DCE-521E-4315-85C0-47BED33F2803}.Release|Any CPU.ActiveCfg = Release|Any CPU
		{1D2D4DCE-521E-4315-85C0-47BED33F2803}.Release|Any CPU.Build.0 = Release|Any CPU
		{D0F53002-C720-449F-9939-CBCE4CD129AC}.Debug|Any CPU.ActiveCfg = Debug|Any CPU
		{D0F53002-C720-449F-9939-CBCE4CD129AC}.Debug|Any CPU.Build.0 = Debug|Any CPU
		{D0F53002-C720-449F-9939-CBCE4CD129AC}.Release|Any CPU.ActiveCfg = Release|Any CPU
		{D0F53002-C720-449F-9939-CBCE4CD129AC}.Release|Any CPU.Build.0 = Release|Any CPU
		{7DEA3EF1-4204-40F3-A6A8-7397E9DF798A}.Debug|Any CPU.ActiveCfg = Debug|Any CPU
		{7DEA3EF1-4204-40F3-A6A8-7397E9DF798A}.Debug|Any CPU.Build.0 = Debug|Any CPU
		{7DEA3EF1-4204-40F3-A6A8-7397E9DF798A}.Release|Any CPU.ActiveCfg = Release|Any CPU
		{7DEA3EF1-4204-40F3-A6A8-7397E9DF798A}.Release|Any CPU.Build.0 = Release|Any CPU
		{0FA415BF-08E6-4070-B924-5E0F09FE46DA}.Debug|Any CPU.ActiveCfg = Debug|Any CPU
		{0FA415BF-08E6-4070-B924-5E0F09FE46DA}.Debug|Any CPU.Build.0 = Debug|Any CPU
		{0FA415BF-08E6-4070-B924-5E0F09FE46DA}.Release|Any CPU.ActiveCfg = Release|Any CPU
		{0FA415BF-08E6-4070-B924-5E0F09FE46DA}.Release|Any CPU.Build.0 = Release|Any CPU
		{E74B32A2-E17F-418F-B371-D916C4EF1ECF}.Debug|Any CPU.ActiveCfg = Debug|Any CPU
		{E74B32A2-E17F-418F-B371-D916C4EF1ECF}.Debug|Any CPU.Build.0 = Debug|Any CPU
		{E74B32A2-E17F-418F-B371-D916C4EF1ECF}.Release|Any CPU.ActiveCfg = Release|Any CPU
		{E74B32A2-E17F-418F-B371-D916C4EF1ECF}.Release|Any CPU.Build.0 = Release|Any CPU
		{418C825A-0D1B-40CE-ACEC-E1EEB8B90B55}.Debug|Any CPU.ActiveCfg = Debug|Any CPU
		{418C825A-0D1B-40CE-ACEC-E1EEB8B90B55}.Debug|Any CPU.Build.0 = Debug|Any CPU
		{418C825A-0D1B-40CE-ACEC-E1EEB8B90B55}.Release|Any CPU.ActiveCfg = Release|Any CPU
		{418C825A-0D1B-40CE-ACEC-E1EEB8B90B55}.Release|Any CPU.Build.0 = Release|Any CPU
		{19F695A0-FF2B-4D49-9EA4-A2A6AC7FE0FF}.Debug|Any CPU.ActiveCfg = Debug|Any CPU
		{19F695A0-FF2B-4D49-9EA4-A2A6AC7FE0FF}.Debug|Any CPU.Build.0 = Debug|Any CPU
		{19F695A0-FF2B-4D49-9EA4-A2A6AC7FE0FF}.Release|Any CPU.ActiveCfg = Release|Any CPU
		{19F695A0-FF2B-4D49-9EA4-A2A6AC7FE0FF}.Release|Any CPU.Build.0 = Release|Any CPU
		{90BBA076-73D7-4E93-BA4D-4751659FDB35}.Debug|Any CPU.ActiveCfg = Debug|Any CPU
		{90BBA076-73D7-4E93-BA4D-4751659FDB35}.Debug|Any CPU.Build.0 = Debug|Any CPU
		{90BBA076-73D7-4E93-BA4D-4751659FDB35}.Release|Any CPU.ActiveCfg = Release|Any CPU
		{90BBA076-73D7-4E93-BA4D-4751659FDB35}.Release|Any CPU.Build.0 = Release|Any CPU
		{77FCB5A7-F6BC-48EE-98E0-DD833586B94A}.Debug|Any CPU.ActiveCfg = Debug|Any CPU
		{77FCB5A7-F6BC-48EE-98E0-DD833586B94A}.Debug|Any CPU.Build.0 = Debug|Any CPU
		{77FCB5A7-F6BC-48EE-98E0-DD833586B94A}.Release|Any CPU.ActiveCfg = Release|Any CPU
		{77FCB5A7-F6BC-48EE-98E0-DD833586B94A}.Release|Any CPU.Build.0 = Release|Any CPU
		{A53A4B8E-08C8-4C80-9FD6-91819BA62202}.Debug|Any CPU.ActiveCfg = Debug|Any CPU
		{A53A4B8E-08C8-4C80-9FD6-91819BA62202}.Debug|Any CPU.Build.0 = Debug|Any CPU
		{A53A4B8E-08C8-4C80-9FD6-91819BA62202}.Release|Any CPU.ActiveCfg = Release|Any CPU
		{A53A4B8E-08C8-4C80-9FD6-91819BA62202}.Release|Any CPU.Build.0 = Release|Any CPU
		{D29D9D07-BFDD-41A5-BB40-95620A9E29C2}.Debug|Any CPU.ActiveCfg = Debug|Any CPU
		{D29D9D07-BFDD-41A5-BB40-95620A9E29C2}.Debug|Any CPU.Build.0 = Debug|Any CPU
		{D29D9D07-BFDD-41A5-BB40-95620A9E29C2}.Release|Any CPU.ActiveCfg = Release|Any CPU
		{D29D9D07-BFDD-41A5-BB40-95620A9E29C2}.Release|Any CPU.Build.0 = Release|Any CPU
		{6A91F077-3CCE-4A4A-9209-DC7431331EB8}.Debug|Any CPU.ActiveCfg = Debug|Any CPU
		{6A91F077-3CCE-4A4A-9209-DC7431331EB8}.Debug|Any CPU.Build.0 = Debug|Any CPU
		{6A91F077-3CCE-4A4A-9209-DC7431331EB8}.Release|Any CPU.ActiveCfg = Release|Any CPU
		{6A91F077-3CCE-4A4A-9209-DC7431331EB8}.Release|Any CPU.Build.0 = Release|Any CPU
		{0F525987-A7CC-47B5-9D42-13F7200A3AA3}.Debug|Any CPU.ActiveCfg = Debug|Any CPU
		{0F525987-A7CC-47B5-9D42-13F7200A3AA3}.Debug|Any CPU.Build.0 = Debug|Any CPU
		{0F525987-A7CC-47B5-9D42-13F7200A3AA3}.Release|Any CPU.ActiveCfg = Release|Any CPU
		{0F525987-A7CC-47B5-9D42-13F7200A3AA3}.Release|Any CPU.Build.0 = Release|Any CPU
		{F7966EC2-FE1F-4D2C-BD24-B723C6CCAD49}.Debug|Any CPU.ActiveCfg = Debug|Any CPU
		{F7966EC2-FE1F-4D2C-BD24-B723C6CCAD49}.Debug|Any CPU.Build.0 = Debug|Any CPU
		{F7966EC2-FE1F-4D2C-BD24-B723C6CCAD49}.Release|Any CPU.ActiveCfg = Release|Any CPU
		{F7966EC2-FE1F-4D2C-BD24-B723C6CCAD49}.Release|Any CPU.Build.0 = Release|Any CPU
	EndGlobalSection
	GlobalSection(SolutionProperties) = preSolution
		HideSolutionNode = FALSE
	EndGlobalSection
	GlobalSection(NestedProjects) = preSolution
		{702C0319-AA8C-477D-B79C-846345A3F752} = {08BDD426-85F5-44A4-BEF7-E806B28F1659}
		{1D2D4DCE-521E-4315-85C0-47BED33F2803} = {405CA822-9CB4-43FC-B722-67D0DC8575F4}
		{D0F53002-C720-449F-9939-CBCE4CD129AC} = {AFD7D8CD-5ECB-431F-A623-90828CC71862}
		{7DEA3EF1-4204-40F3-A6A8-7397E9DF798A} = {E4EF43BC-CF1D-4B1D-B195-ACF4463F6AD5}
		{0FA415BF-08E6-4070-B924-5E0F09FE46DA} = {405CA822-9CB4-43FC-B722-67D0DC8575F4}
		{32DD98B1-63B2-4CA9-B168-3D302F11E166} = {009915C3-90D8-482D-9393-DF6AD903B496}
		{405CA822-9CB4-43FC-B722-67D0DC8575F4} = {009915C3-90D8-482D-9393-DF6AD903B496}
		{08BDD426-85F5-44A4-BEF7-E806B28F1659} = {009915C3-90D8-482D-9393-DF6AD903B496}
		{E74B32A2-E17F-418F-B371-D916C4EF1ECF} = {405CA822-9CB4-43FC-B722-67D0DC8575F4}
		{418C825A-0D1B-40CE-ACEC-E1EEB8B90B55} = {32DD98B1-63B2-4CA9-B168-3D302F11E166}
		{19F695A0-FF2B-4D49-9EA4-A2A6AC7FE0FF} = {32DD98B1-63B2-4CA9-B168-3D302F11E166}
		{90BBA076-73D7-4E93-BA4D-4751659FDB35} = {32DD98B1-63B2-4CA9-B168-3D302F11E166}
		{77FCB5A7-F6BC-48EE-98E0-DD833586B94A} = {32DD98B1-63B2-4CA9-B168-3D302F11E166}
		{A53A4B8E-08C8-4C80-9FD6-91819BA62202} = {405CA822-9CB4-43FC-B722-67D0DC8575F4}
		{D29D9D07-BFDD-41A5-BB40-95620A9E29C2} = {2B88B717-D77C-4498-8484-9E3E35DA07CC}
		{6A91F077-3CCE-4A4A-9209-DC7431331EB8} = {79EB0901-8348-4284-BDA7-C333BCC965AB}
		{0F525987-A7CC-47B5-9D42-13F7200A3AA3} = {9BF03C50-9891-4A86-819A-E5D8BEFE1BDE}
		{F7966EC2-FE1F-4D2C-BD24-B723C6CCAD49} = {405CA822-9CB4-43FC-B722-67D0DC8575F4}
	EndGlobalSection
	GlobalSection(ExtensibilityGlobals) = postSolution
		SolutionGuid = {B680E7F1-343D-4FC1-8F5E-8B2BE74321DC}
	EndGlobalSection
EndGlobal
